
Microsoft Visual Studio Solution File, Format Version 12.00
Project("{FAE04EC0-301F-11D3-BF4B-00C04F79EFBC}") = "ConsoleApp1", "ConsoleApp1\ConsoleApp1.csproj", "{776719F0-72B7-4DF2-BDC5-C1B7AAB128F7}"
EndProject
Global
	GlobalSection(SolutionConfigurationPlatforms) = preSolution
		Debug|Any CPU = Debug|Any CPU
		Release|Any CPU = Release|Any CPU
	EndGlobalSection
	GlobalSection(ProjectConfigurationPlatforms) = postSolution
		{776719F0-72B7-4DF2-BDC5-C1B7AAB128F7}.Debug|Any CPU.ActiveCfg = Debug|Any CPU
		{776719F0-72B7-4DF2-BDC5-C1B7AAB128F7}.Debug|Any CPU.Build.0 = Debug|Any CPU
		{776719F0-72B7-4DF2-BDC5-C1B7AAB128F7}.Release|Any CPU.ActiveCfg = Release|Any CPU
		{776719F0-72B7-4DF2-BDC5-C1B7AAB128F7}.Release|Any CPU.Build.0 = Release|Any CPU
	EndGlobalSection
EndGlobal
